lockfileVersion: '9.0'

settings:
  autoInstallPeers: true
  excludeLinksFromLockfile: false

importers:

  .:
    dependencies:
      cli-args-parser:
        specifier: ^1.0.6
        version: 1.0.6
      tuiuiu.js:
        specifier: 1.0.75
        version: 1.0.75
    devDependencies:
      '@bgotink/kdl':
        specifier: ^0.4.0
        version: 0.4.0
      '@types/bun':
        specifier: latest
        version: 1.4.2
      smol-toml:
        specifier: ^1.8.0
        version: 1.8.0
      typescript:
        specifier: ^5.6.0
        version: 5.9.3

packages:

  '@bgotink/kdl@0.4.0':
    resolution: {integrity: sha512-F0uJCjo5FQvFdcGF5QbYVNfcGiRWlocuzyIdQxottZF2+gu6L2xjMGEu9PIpse2hifAca/19vIospgaETCKxIg==}

  '@types/bun@1.4.2':
    resolution: {integrity: sha512-GimotNn7+ZV0uVArItBbriZsR1oNf0+WTzPkdcFrzShI7k2norL0uzEaJT8T33dWr7O/c9ZDuAFQrctKCi72oQ==}

  '@types/node@26.1.2':
    resolution: {integrity: sha512-Vu4a5UFA9rIIFJ7rB/Vaafh9lrCQszopTCx6KjFboXTGQbPNasehVR5TEiithSDGyd1DEiUByggTZsg8jukeIg==}

  bun-types@1.4.2:
    resolution: {integrity: sha512-bxV1FgK7yBIzjRe5zBozIM4Bem11ZJcCXSrjWRG3YWLt8yFDePu4cLjpebO8OvPeIE9trbyPF4fuj3Cia4Fj3w==}

  cli-args-parser@1.0.6:
    resolution: {integrity: sha512-c6dKqF8mo2Vq1gw9OUoYoEGnGi9uatHLJWEzbzBn55kXMJdWIFMfRld9NprOF02oco9+SU9E2AgobmdjXxLlBw==}
    engines: {node: '>=18.0.0'}

  smol-toml@1.8.0:
    resolution: {integrity: sha512-kCZr2V3ch9i00x8zXRhjUNVcjG9ijES5dDudkXvUVCT5QlJNQWElSJdZqyPemffHoLNUYwOcou0Fy+ojN0uHSQ==}
    engines: {node: '>= 18'}

  tuiuiu.js@1.0.75:
    resolution: {integrity: sha512-QQCbz22sDi12OV/CMxMutn7eJ2IwS3eJFbW3nQTQqwsgjD5bbHX2NRT+Insu56p8WbpJLWnerADhEnsQxlIa5A==}
    engines: {node: '>=22.12'}
    hasBin: true

  typescript@5.9.3:
    resolution: {integrity: sha512-jl1vZzPDinLr9eUt3J/t7V6FgNEw9QjvBPdysz9KfQDD41fQrC2Y4vKQdiaUpFT4bXlb1RHhLpp8wtm6M5TgSw==}
    engines: {node: '>=14.17'}
    hasBin: true

  undici-types@8.3.0:
    resolution: {integrity: sha512-j375ScV60dom+YkPFIfTLcOiPxkN/buHz5GobjLhixFuANaNs3C9l4GmrWqejgXWJ7BbJcFYpTEUkS1Ge8bpZQ==}

snapshots:

  '@bgotink/kdl@0.4.0': {}

  '@types/bun@1.4.2':
    dependencies:
      bun-types: 1.4.2

  '@types/node@26.1.2':
    dependencies:
      undici-types: 8.3.0

  bun-types@1.4.2:
    dependencies:
      '@types/node': 26.1.2

  cli-args-parser@1.0.6: {}

  smol-toml@1.8.0: {}

  tuiuiu.js@1.0.75: {}

  typescript@5.9.3: {}

  undici-types@8.3.0: {}
